
Microsoft Visual Studio Solution File, Format Version 12.00
# Visual Studio Version 17
VisualStudioVersion = 17.12.35527.113 d17.12
MinimumVisualStudioVersion = 10.0.40219.1
Project("{FAE04EC0-301F-11D3-BF4B-00C04F79EFBC}") = "InstagramProject.Core", "InstagramProject.Core\InstagramProject.Core.csproj", "{FF209E32-F93F-4C56-950C-731F89FC39BE}"
EndProject
Project("{FAE04EC0-301F-11D3-BF4B-00C04F79EFBC}") = "InstagramProject.Api", "InstagramProject.Api\InstagramProject.Api.csproj", "{F819FC5A-4FFB-4D6A-A538-2A4EFF09DA59}"
EndProject
Project("{FAE04EC0-301F-11D3-BF4B-00C04F79EFBC}") = "InstagramProject.Repository", "InstagramProject.Repository\InstagramProject.Repository.csproj", "{D7D6C699-E7DC-47EB-933B-8B47E8877E4F}"
EndProject
Project("{FAE04EC0-301F-11D3-BF4B-00C04F79EFBC}") = "InstagramProject.Service", "InstagramProject.Service\InstagramProject.Service.csproj", "{A9FA32C5-BC41-4FBF-B821-909F863F0F54}"
EndProject
Global
	GlobalSection(SolutionConfigurationPlatforms) = preSolution
		Debug|Any CPU = Debug|Any CPU
		Release|Any CPU = Release|Any CPU
	EndGlobalSection
	GlobalSection(ProjectConfigurationPlatforms) = postSolution
		{FF209E32-F93F-4C56-950C-731F89FC39BE}.Debug|Any CPU.ActiveCfg = Debug|Any CPU
		{FF209E32-F93F-4C56-950C-731F89FC39BE}.Debug|Any CPU.Build.0 = Debug|Any CPU
		{FF209E32-F93F-4C56-950C-731F89FC39BE}.Release|Any CPU.ActiveCfg = Release|Any CPU
		{FF209E32-F93F-4C56-950C-731F89FC39BE}.Release|Any CPU.Build.0 = Release|Any CPU
		{F819FC5A-4FFB-4D6A-A538-2A4EFF09DA59}.Debug|Any CPU.ActiveCfg = Debug|Any CPU
		{F819FC5A-4FFB-4D6A-A538-2A4EFF09DA59}.Debug|Any CPU.Build.0 = Debug|Any CPU
		{F819FC5A-4FFB-4D6A-A538-2A4EFF09DA59}.Release|Any CPU.ActiveCfg = Release|Any CPU
		{F819FC5A-4FFB-4D6A-A538-2A4EFF09DA59}.Release|Any CPU.Build.0 = Release|Any CPU
		{D7D6C699-E7DC-47EB-933B-8B47E8877E4F}.Debug|Any CPU.ActiveCfg = Debug|Any CPU
		{D7D6C699-E7DC-47EB-933B-8B47E8877E4F}.Debug|Any CPU.Build.0 = Debug|Any CPU
		{D7D6C699-E7DC-47EB-933B-8B47E8877E4F}.Release|Any CPU.ActiveCfg = Release|Any CPU
		{D7D6C699-E7DC-47EB-933B-8B47E8877E4F}.Release|Any CPU.Build.0 = Release|Any CPU
		{A9FA32C5-BC41-4FBF-B821-909F863F0F54}.Debug|Any CPU.ActiveCfg = Debug|Any CPU
		{A9FA32C5-BC41-4FBF-B821-909F863F0F54}.Debug|Any CPU.Build.0 = Debug|Any CPU
		{A9FA32C5-BC41-4FBF-B821-909F863F0F54}.Release|Any CPU.ActiveCfg = Release|Any CPU
		{A9FA32C5-BC41-4FBF-B821-909F863F0F54}.Release|Any CPU.Build.0 = Release|Any CPU
	EndGlobalSection
	GlobalSection(SolutionProperties) = preSolution
		HideSolutionNode = FALSE
	EndGlobalSection
EndGlobal
